
Microsoft Visual Studio Solution File, Format Version 12.00
# Visual Studio Version 16
VisualStudioVersion = 16.0.29920.165
MinimumVisualStudioVersion = 10.0.40219.1
Project("{FAE04EC0-301F-11D3-BF4B-00C04F79EFBC}") = "Biblioteka", "Biblioteka\Biblioteka.csproj", "{16F62165-A1E2-470D-B7D7-BABD7B738277}"
EndProject
Global
	GlobalSection(SolutionConfigurationPlatforms) = preSolution
		Debug|Any CPU = Debug|Any CPU
		Release|Any CPU = Release|Any CPU
	EndGlobalSection
	GlobalSection(ProjectConfigurationPlatforms) = postSolution
		{16F62165-A1E2-470D-B7D7-BABD7B738277}.Debug|Any CPU.ActiveCfg = Debug|Any CPU
		{16F62165-A1E2-470D-B7D7-BABD7B738277}.Debug|Any CPU.Build.0 = Debug|Any CPU
		{16F62165-A1E2-470D-B7D7-BABD7B738277}.Release|Any CPU.ActiveCfg = Release|Any CPU
		{16F62165-A1E2-470D-B7D7-BABD7B738277}.Release|Any CPU.Build.0 = Release|Any CPU
	EndGlobalSection
	GlobalSection(SolutionProperties) = preSolution
		HideSolutionNode = FALSE
	EndGlobalSection
	GlobalSection(ExtensibilityGlobals) = postSolution
		SolutionGuid = {DA858145-27D3-4E41-AB9E-1F59B86E4B22}
	EndGlobalSection
EndGlobal
